// !$*UTF8*$!
{
	archiveVersion = 1;
	classes = {
	};
	objectVersion = 51;
	objects = {

/* Begin PBXBuildFile section */
		042350872684E7E500EB3888 /* DetailsViewController.m in Sources */ = {isa = PBXBuildFile; fileRef = 042350862684E7E500EB3888 /* DetailsViewController.m */; };
		04EE2C112684D8170048F598 /* AppDelegate.m in Sources */ = {isa = PBXBuildFile; fileRef = 04EE2C102684D8170048F598 /* AppDelegate.m */; };
		04EE2C142684D8170048F598 /* SceneDelegate.m in Sources */ = {isa = PBXBuildFile; fileRef = 04EE2C132684D8170048F598 /* SceneDelegate.m */; };
		04EE2C1A2684D8170048F598 /* Main.storyboard in Resources */ = {isa = PBXBuildFile; fileRef = 04EE2C182684D8170048F598 /* Main.storyboard */; };
		04EE2C1C2684D8180048F598 /* Assets.xcassets in Resources */ = {isa = PBXBuildFile; fileRef = 04EE2C1B2684D8180048F598 /* Assets.xcassets */; };
		04EE2C1F2684D8180048F598 /* LaunchScreen.storyboard in Resources */ = {isa = PBXBuildFile; fileRef = 04EE2C1D2684D8180048F598 /* LaunchScreen.storyboard */; };
		04EE2C222684D8180048F598 /* main.m in Sources */ = {isa = PBXBuildFile; fileRef = 04EE2C212684D8180048F598 /* main.m */; };
		04EE2C2C2684D8180048F598 /* TumblrTests.m in Sources */ = {isa = PBXBuildFile; fileRef = 04EE2C2B2684D8180048F598 /* TumblrTests.m */; };
		04EE2C372684D8190048F598 /* TumblrUITests.m in Sources */ = {isa = PBXBuildFile; fileRef = 04EE2C362684D8190048F598 /* TumblrUITests.m */; };
		04EE2C472684D8D40048F598 /* PhotosViewController.m in Sources */ = {isa = PBXBuildFile; fileRef = 04EE2C462684D8D40048F598 /* PhotosViewController.m */; };
		04EE2C4B2684DD600048F598 /* PhotoCell.m in Sources */ = {isa = PBXBuildFile; fileRef = 04EE2C4A2684DD600048F598 /* PhotoCell.m */; };
		15136C56259580A210E13B9A /* Pods_Tumblr.framework in Frameworks */ = {isa = PBXBuildFile; fileRef = C2C099AF600EDF00FC01D1F6 /* Pods_Tumblr.framework */; };
		5A211E1E460E47DA6A6838A0 /* Pods_TumblrTests.framework in Frameworks */ = {isa = PBXBuildFile; fileRef = 1799C982F27C38F61C292B33 /* Pods_TumblrTests.framework */; };
		F943BBFFACA1158780C9F882 /* Pods_Tumblr_TumblrUITests.framework in Frameworks */ = {isa = PBXBuildFile; fileRef = B913F64808BE6731A598EE64 /* Pods_Tumblr_TumblrUITests.framework */; };
/* End PBXBuildFile section */

/* Begin PBXContainerItemProxy section */
		04EE2C282684D8180048F598 /* PBXContainerItemProxy */ = {
			isa = PBXContainerItemProxy;
			containerPortal = 04EE2C042684D8170048F598 /* Project object */;
			proxyType = 1;
			remoteGlobalIDString = 04EE2C0B2684D8170048F598;
			remoteInfo = Tumblr;
		};
		04EE2C332684D8190048F598 /* PBXContainerItemProxy */ = {
			isa = PBXContainerItemProxy;
			containerPortal = 04EE2C042684D8170048F598 /* Project object */;
			proxyType = 1;
			remoteGlobalIDString = 04EE2C0B2684D8170048F598;
			remoteInfo = Tumblr;
		};
/* End PBXContainerItemProxy section */

/* Begin PBXFileReference section */
		042350852684E7E500EB3888 /* DetailsViewController.h */ = {isa = PBXFileReference; lastKnownFileType = sourcecode.c.h; path = DetailsViewController.h; sourceTree = "<group>"; };
		042350862684E7E500EB3888 /* DetailsViewController.m */ = {isa = PBXFileReference; lastKnownFileType = sourcecode.c.objc; path = DetailsViewController.m; sourceTree = "<group>"; };
		04EE2C0C2684D8170048F598 /* Tumblr.app */ = {isa = PBXFileReference; explicitFileType = wrapper.application; includeInIndex = 0; path = Tumblr.app; sourceTree = BUILT_PRODUCTS_DIR; };
		04EE2C0F2684D8170048F598 /* AppDelegate.h */ = {isa = PBXFileReference; lastKnownFileType = sourcecode.c.h; path = AppDelegate.h; sourceTree = "<group>"; };
		04EE2C102684D8170048F598 /* AppDelegate.m */ = {isa = PBXFileReference; lastKnownFileType = sourcecode.c.objc; path = AppDelegate.m; sourceTree = "<group>"; };
		04EE2C122684D8170048F598 /* SceneDelegate.h */ = {isa = PBXFileReference; lastKnownFileType = sourcecode.c.h; path = SceneDelegate.h; sourceTree = "<group>"; };
		04EE2C132684D8170048F598 /* SceneDelegate.m */ = {isa = PBXFileReference; lastKnownFileType = sourcecode.c.objc; path = SceneDelegate.m; sourceTree = "<group>"; };
		04EE2C192684D8170048F598 /* Base */ = {isa = PBXFileReference; lastKnownFileType = file.storyboard; name = Base; path = Base.lproj/Main.storyboard; sourceTree = "<group>"; };
		04EE2C1B2684D8180048F598 /* Assets.xcassets */ = {isa = PBXFileReference; lastKnownFileType = folder.assetcatalog; path = Assets.xcassets; sourceTree = "<group>"; };
		04EE2C1E2684D8180048F598 /* Base */ = {isa = PBXFileReference; lastKnownFileType = file.storyboard; name = Base; path = Base.lproj/LaunchScreen.storyboard; sourceTree = "<group>"; };
		04EE2C202684D8180048F598 /* Info.plist */ = {isa = PBXFileReference; lastKnownFileType = text.plist.xml; path = Info.plist; sourceTree = "<group>"; };
		04EE2C212684D8180048F598 /* main.m */ = {isa = PBXFileReference; lastKnownFileType = sourcecode.c.objc; path = main.m; sourceTree = "<group>"; };
		04EE2C272684D8180048F598 /* TumblrTests.xctest */ = {isa = PBXFileReference; explicitFileType = wrapper.cfbundle; includeInIndex = 0; path = TumblrTests.xctest; sourceTree = BUILT_PRODUCTS_DIR; };
		04EE2C2B2684D8180048F598 /* TumblrTests.m */ = {isa = PBXFileReference; lastKnownFileType = sourcecode.c.objc; path = TumblrTests.m; sourceTree = "<group>"; };
		04EE2C2D2684D8180048F598 /* Info.plist */ = {isa = PBXFileReference; lastKnownFileType = text.plist.xml; path = Info.plist; sourceTree = "<group>"; };
		04EE2C322684D8190048F598 /* TumblrUITests.xctest */ = {isa = PBXFileReference; explicitFileType = wrapper.cfbundle; includeInIndex = 0; path = TumblrUITests.xctest; sourceTree = BUILT_PRODUCTS_DIR; };
		04EE2C362684D8190048F598 /* TumblrUITests.m */ = {isa = PBXFileReference; lastKnownFileType = sourcecode.c.objc; path = TumblrUITests.m; sourceTree = "<group>"; };
		04EE2C382684D8190048F598 /* Info.plist */ = {isa = PBXFileReference; lastKnownFileType = text.plist.xml; path = Info.plist; sourceTree = "<group>"; };
		04EE2C452684D8D40048F598 /* PhotosViewController.h */ = {isa = PBXFileReference; lastKnownFileType = sourcecode.c.h; path = PhotosViewController.h; sourceTree = "<group>"; };
		04EE2C462684D8D40048F598 /* PhotosViewController.m */ = {isa = PBXFileReference; lastKnownFileType = sourcecode.c.objc; path = PhotosViewController.m; sourceTree = "<group>"; };
		04EE2C492684DD600048F598 /* PhotoCell.h */ = {isa = PBXFileReference; lastKnownFileType = sourcecode.c.h; path = PhotoCell.h; sourceTree = "<group>"; };
		04EE2C4A2684DD600048F598 /* PhotoCell.m */ = {isa = PBXFileReference; lastKnownFileType = sourcecode.c.objc; path = PhotoCell.m; sourceTree = "<group>"; };
		1799C982F27C38F61C292B33 /* Pods_TumblrTests.framework */ = {isa = PBXFileReference; explicitFileType = wrapper.framework; includeInIndex = 0; path = Pods_TumblrTests.framework; sourceTree = BUILT_PRODUCTS_DIR; };
		2647FA51E302CB33ED6DB41D /* Pods-Tumblr.release.xcconfig */ = {isa = PBXFileReference; includeInIndex = 1; lastKnownFileType = text.xcconfig; name = "Pods-Tumblr.release.xcconfig"; path = "Target Support Files/Pods-Tumblr/Pods-Tumblr.release.xcconfig"; sourceTree = "<group>"; };
		403A3B54C48960FFB857046F /* Pods-TumblrTests.release.xcconfig */ = {isa = PBXFileReference; includeInIndex = 1; lastKnownFileType = text.xcconfig; name = "Pods-TumblrTests.release.xcconfig"; path = "Target Support Files/Pods-TumblrTests/Pods-TumblrTests.release.xcconfig"; sourceTree = "<group>"; };
		444978520480E1F7A0ABE5FD /* Pods-Tumblr-TumblrUITests.debug.xcconfig */ = {isa = PBXFileReference; includeInIndex = 1; lastKnownFileType = text.xcconfig; name = "Pods-Tumblr-TumblrUITests.debug.xcconfig"; path = "Target Support Files/Pods-Tumblr-TumblrUITests/Pods-Tumblr-TumblrUITests.debug.xcconfig"; sourceTree = "<group>"; };
		6EF6A9873619F4D7B74F4190 /* Pods-Tumblr-TumblrUITests.release.xcconfig */ = {isa = PBXFileReference; includeInIndex = 1; lastKnownFileType = text.xcconfig; name = "Pods-Tumblr-TumblrUITests.release.xcconfig"; path = "Target Support Files/Pods-Tumblr-TumblrUITests/Pods-Tumblr-TumblrUITests.release.xcconfig"; sourceTree = "<group>"; };
		8D4D14D2AAB6344A8CDCF9B7 /* Pods-Tumblr.debug.xcconfig */ = {isa = PBXFileReference; includeInIndex = 1; lastKnownFileType = text.xcconfig; name = "Pods-Tumblr.debug.xcconfig"; path = "Target Support Files/Pods-Tumblr/Pods-Tumblr.debug.xcconfig"; sourceTree = "<group>"; };
		A879F3C61403F44DDDFF8B2A /* Pods-TumblrTests.debug.xcconfig */ = {isa = PBXFileReference; includeInIndex = 1; lastKnownFileType = text.xcconfig; name = "Pods-TumblrTests.debug.xcconfig"; path = "Target Support Files/Pods-TumblrTests/Pods-TumblrTests.debug.xcconfig"; sourceTree = "<group>"; };
		B913F64808BE6731A598EE64 /* Pods_Tumblr_TumblrUITests.framework */ = {isa = PBXFileReference; explicitFileType = wrapper.framework; includeInIndex = 0; path = Pods_Tumblr_TumblrUITests.framework; sourceTree = BUILT_PRODUCTS_DIR; };
		C2C099AF600EDF00FC01D1F6 /* Pods_Tumblr.framework */ = {isa = PBXFileReference; explicitFileType = wrapper.framework; includeInIndex = 0; path = Pods_Tumblr.framework; sourceTree = BUILT_PRODUCTS_DIR; };
/* End PBXFileReference section */

/* Begin PBXFrameworksBuildPhase section */
		04EE2C092684D8170048F598 /* Frameworks */ = {
			isa = PBXFrameworksBuildPhase;
			buildActionMask = 2147483647;
			files = (
				15136C56259580A210E13B9A /* Pods_Tumblr.framework in Frameworks */,
			);
			runOnlyForDeploymentPostprocessing = 0;
		};
		04EE2C242684D8180048F598 /* Frameworks */ = {
			isa = PBXFrameworksBuildPhase;
			buildActionMask = 2147483647;
			files = (
				5A211E1E460E47DA6A6838A0 /* Pods_TumblrTests.framework in Frameworks */,
			);
			runOnlyForDeploymentPostprocessing = 0;
		};
		04EE2C2F2684D8190048F598 /* Frameworks */ = {
			isa = PBXFrameworksBuildPhase;
			buildActionMask = 2147483647;
			files = (
				F943BBFFACA1158780C9F882 /* Pods_Tumblr_TumblrUITests.framework in Frameworks */,
			);
			runOnlyForDeploymentPostprocessing = 0;
		};
/* End PBXFrameworksBuildPhase section */

/* Begin PBXGroup section */
		04EE2C032684D8170048F598 = {
			isa = PBXGroup;
			children = (
				04EE2C0E2684D8170048F598 /* Tumblr */,
				04EE2C2A2684D8180048F598 /* TumblrTests */,
				04EE2C352684D8190048F598 /* TumblrUITests */,
				04EE2C0D2684D8170048F598 /* Products */,
				FE53BB5DED6173520CD5AF7E /* Pods */,
				B45D33B1D73DC1E56FE6709E /* Frameworks */,
			);
			sourceTree = "<group>";
		};
		04EE2C0D2684D8170048F598 /* Products */ = {
			isa = PBXGroup;
			children = (
				04EE2C0C2684D8170048F598 /* Tumblr.app */,
				04EE2C272684D8180048F598 /* TumblrTests.xctest */,
				04EE2C322684D8190048F598 /* TumblrUITests.xctest */,
			);
			name = Products;
			sourceTree = "<group>";
		};
		04EE2C0E2684D8170048F598 /* Tumblr */ = {
			isa = PBXGroup;
			children = (
				04EE2C482684DD320048F598 /* Views */,
				04EE2C442684D8BA0048F598 /* View Controllers */,
				04EE2C0F2684D8170048F598 /* AppDelegate.h */,
				04EE2C102684D8170048F598 /* AppDelegate.m */,
				04EE2C122684D8170048F598 /* SceneDelegate.h */,
				04EE2C132684D8170048F598 /* SceneDelegate.m */,
				04EE2C182684D8170048F598 /* Main.storyboard */,
				04EE2C1B2684D8180048F598 /* Assets.xcassets */,
				04EE2C1D2684D8180048F598 /* LaunchScreen.storyboard */,
				04EE2C202684D8180048F598 /* Info.plist */,
				04EE2C212684D8180048F598 /* main.m */,
			);
			path = Tumblr;
			sourceTree = "<group>";
		};
		04EE2C2A2684D8180048F598 /* TumblrTests */ = {
			isa = PBXGroup;
			children = (
				04EE2C2B2684D8180048F598 /* TumblrTests.m */,
				04EE2C2D2684D8180048F598 /* Info.plist */,
			);
			path = TumblrTests;
			sourceTree = "<group>";
		};
		04EE2C352684D8190048F598 /* TumblrUITests */ = {
			isa = PBXGroup;
			children = (
				04EE2C362684D8190048F598 /* TumblrUITests.m */,
				04EE2C382684D8190048F598 /* Info.plist */,
			);
			path = TumblrUITests;
			sourceTree = "<group>";
		};
		04EE2C442684D8BA0048F598 /* View Controllers */ = {
			isa = PBXGroup;
			children = (
				04EE2C452684D8D40048F598 /* PhotosViewController.h */,
				04EE2C462684D8D40048F598 /* PhotosViewController.m */,
				042350852684E7E500EB3888 /* DetailsViewController.h */,
				042350862684E7E500EB3888 /* DetailsViewController.m */,
			);
			path = "View Controllers";
			sourceTree = "<group>";
		};
		04EE2C482684DD320048F598 /* Views */ = {
			isa = PBXGroup;
			children = (
				04EE2C492684DD600048F598 /* PhotoCell.h */,
				04EE2C4A2684DD600048F598 /* PhotoCell.m */,
			);
			path = Views;
			sourceTree = "<group>";
		};
		B45D33B1D73DC1E56FE6709E /* Frameworks */ = {
			isa = PBXGroup;
			children = (
				C2C099AF600EDF00FC01D1F6 /* Pods_Tumblr.framework */,
				B913F64808BE6731A598EE64 /* Pods_Tumblr_TumblrUITests.framework */,
				1799C982F27C38F61C292B33 /* Pods_TumblrTests.framework */,
			);
			name = Frameworks;
			sourceTree = "<group>";
		};
		FE53BB5DED6173520CD5AF7E /* Pods */ = {
			isa = PBXGroup;
			children = (
				8D4D14D2AAB6344A8CDCF9B7 /* Pods-Tumblr.debug.xcconfig */,
				2647FA51E302CB33ED6DB41D /* Pods-Tumblr.release.xcconfig */,
				444978520480E1F7A0ABE5FD /* Pods-Tumblr-TumblrUITests.debug.xcconfig */,
				6EF6A9873619F4D7B74F4190 /* Pods-Tumblr-TumblrUITests.release.xcconfig */,
				A879F3C61403F44DDDFF8B2A /* Pods-TumblrTests.debug.xcconfig */,
				403A3B54C48960FFB857046F /* Pods-TumblrTests.release.xcconfig */,
			);
			path = Pods;
			sourceTree = "<group>";
		};
/* End PBXGroup section */

/* Begin PBXNativeTarget section */
		04EE2C0B2684D8170048F598 /* Tumblr */ = {
			isa = PBXNativeTarget;
			buildConfigurationList = 04EE2C3B2684D8190048F598 /* Build configuration list for PBXNativeTarget "Tumblr" */;
			buildPhases = (
				67F0EEA8C2A37BCCB543D14D /* [CP] Check Pods Manifest.lock */,
				04EE2C082684D8170048F598 /* Sources */,
				04EE2C092684D8170048F598 /* Frameworks */,
				04EE2C0A2684D8170048F598 /* Resources */,
				DD4F14568FF480E8EAFBE94B /* [CP] Embed Pods Frameworks */,
			);
			buildRules = (
			);
			dependencies = (
			);
			name = Tumblr;
			productName = Tumblr;
			productReference = 04EE2C0C2684D8170048F598 /* Tumblr.app */;
			productType = "com.apple.product-type.application";
		};
		04EE2C262684D8180048F598 /* TumblrTests */ = {
			isa = PBXNativeTarget;
			buildConfigurationList = 04EE2C3E2684D8190048F598 /* Build configuration list for PBXNativeTarget "TumblrTests" */;
			buildPhases = (
				FECCBA2CF2C44C98E16479E6 /* [CP] Check Pods Manifest.lock */,
				04EE2C232684D8180048F598 /* Sources */,
				04EE2C242684D8180048F598 /* Frameworks */,
				04EE2C252684D8180048F598 /* Resources */,
			);
			buildRules = (
			);
			dependencies = (
				04EE2C292684D8180048F598 /* PBXTargetDependency */,
			);
			name = TumblrTests;
			productName = TumblrTests;
			productReference = 04EE2C272684D8180048F598 /* TumblrTests.xctest */;
			productType = "com.apple.product-type.bundle.unit-test";
		};
		04EE2C312684D8190048F598 /* TumblrUITests */ = {
			isa = PBXNativeTarget;
			buildConfigurationList = 04EE2C412684D8190048F598 /* Build configuration list for PBXNativeTarget "TumblrUITests" */;
			buildPhases = (
				0151133CD48F907DBC37E226 /* [CP] Check Pods Manifest.lock */,
				04EE2C2E2684D8190048F598 /* Sources */,
				04EE2C2F2684D8190048F598 /* Frameworks */,
				04EE2C302684D8190048F598 /* Resources */,
				2012B2318B838775B57BF07F /* [CP] Embed Pods Frameworks */,
			);
			buildRules = (
			);
			dependencies = (
				04EE2C342684D8190048F598 /* PBXTargetDependency */,
			);
			name = TumblrUITests;
			productName = TumblrUITests;
			productReference = 04EE2C322684D8190048F598 /* TumblrUITests.xctest */;
			productType = "com.apple.product-type.bundle.ui-testing";
		};
/* End PBXNativeTarget section */

/* Begin PBXProject section */
		04EE2C042684D8170048F598 /* Project object */ = {
			isa = PBXProject;
			attributes = {
				LastUpgradeCheck = 1250;
				TargetAttributes = {
					04EE2C0B2684D8170048F598 = {
						CreatedOnToolsVersion = 12.5.1;
					};
					04EE2C262684D8180048F598 = {
						CreatedOnToolsVersion = 12.5.1;
						TestTargetID = 04EE2C0B2684D8170048F598;
					};
					04EE2C312684D8190048F598 = {
						CreatedOnToolsVersion = 12.5.1;
						TestTargetID = 04EE2C0B2684D8170048F598;
					};
				};
			};
			buildConfigurationList = 04EE2C072684D8170048F598 /* Build configuration list for PBXProject "Tumblr" */;
			compatibilityVersion = "Xcode 9.3";
			developmentRegion = en;
			hasScannedForEncodings = 0;
			knownRegions = (
				en,
				Base,
			);
			mainGroup = 04EE2C032684D8170048F598;
			productRefGroup = 04EE2C0D2684D8170048F598 /* Products */;
			projectDirPath = "";
			projectRoot = "";
			targets = (
				04EE2C0B2684D8170048F598 /* Tumblr */,
				04EE2C262684D8180048F598 /* TumblrTests */,
				04EE2C312684D8190048F598 /* TumblrUITests */,
			);
		};
/* End PBXProject section */

/* Begin PBXResourcesBuildPhase section */
		04EE2C0A2684D8170048F598 /* Resources */ = {
			isa = PBXResourcesBuildPhase;
			buildActionMask = 2147483647;
			files = (
				04EE2C1F2684D8180048F598 /* LaunchScreen.storyboard in Resources */,
				04EE2C1C2684D8180048F598 /* Assets.xcassets in Resources */,
				04EE2C1A2684D8170048F598 /* Main.storyboard in Resources */,
			);
			runOnlyForDeploymentPostprocessing = 0;
		};
		04EE2C252684D8180048F598 /* Resources */ = {
			isa = PBXResourcesBuildPhase;
			buildActionMask = 2147483647;
			files = (
			);
			runOnlyForDeploymentPostprocessing = 0;
		};
		04EE2C302684D8190048F598 /* Resources */ = {
			isa = PBXResourcesBuildPhase;
			buildActionMask = 2147483647;
			files = (
			);
			runOnlyForDeploymentPostprocessing = 0;
		};
/* End PBXResourcesBuildPhase section */

/* Begin PBXShellScriptBuildPhase section */
		0151133CD48F907DBC37E226 /* [CP] Check Pods Manifest.lock */ = {
			isa = PBXShellScriptBuildPhase;
			buildActionMask = 2147483647;
			files = (
			);
			inputFileListPaths = (
			);
			inputPaths = (
				"${PODS_PODFILE_DIR_PATH}/Podfile.lock",
				"${PODS_ROOT}/Manifest.lock",
			);
			name = "[CP] Check Pods Manifest.lock";
			outputFileListPaths = (
			);
			outputPaths = (
				"$(DERIVED_FILE_DIR)/Pods-Tumblr-TumblrUITests-checkManifestLockResult.txt",
			);
			runOnlyForDeploymentPostprocessing = 0;
			shellPath = /bin/sh;
			shellScript = "diff \"${PODS_PODFILE_DIR_PATH}/Podfile.lock\" \"${PODS_ROOT}/Manifest.lock\" > /dev/null\nif [ $? != 0 ] ; then\n    # print error to STDERR\n    echo \"error: The sandbox is not in sync with the Podfile.lock. Run 'pod install' or update your CocoaPods installation.\" >&2\n    exit 1\nfi\n# This output is used by Xcode 'outputs' to avoid re-running this script phase.\necho \"SUCCESS\" > \"${SCRIPT_OUTPUT_FILE_0}\"\n";
			showEnvVarsInLog = 0;
		};
		2012B2318B838775B57BF07F /* [CP] Embed Pods Frameworks */ = {
			isa = PBXShellScriptBuildPhase;
			buildActionMask = 2147483647;
			files = (
			);
			inputFileListPaths = (
				"${PODS_ROOT}/Target Support Files/Pods-Tumblr-TumblrUITests/Pods-Tumblr-TumblrUITests-frameworks-${CONFIGURATION}-input-files.xcfilelist",
			);
			name = "[CP] Embed Pods Frameworks";
			outputFileListPaths = (
				"${PODS_ROOT}/Target Support Files/Pods-Tumblr-TumblrUITests/Pods-Tumblr-TumblrUITests-frameworks-${CONFIGURATION}-output-files.xcfilelist",
			);
			runOnlyForDeploymentPostprocessing = 0;
			shellPath = /bin/sh;
			shellScript = "\"${PODS_ROOT}/Target Support Files/Pods-Tumblr-TumblrUITests/Pods-Tumblr-TumblrUITests-frameworks.sh\"\n";
			showEnvVarsInLog = 0;
		};
		67F0EEA8C2A37BCCB543D14D /* [CP] Check Pods Manifest.lock */ = {
			isa = PBXShellScriptBuildPhase;
			buildActionMask = 2147483647;
			files = (
			);
			inputFileListPaths = (
			);
			inputPaths = (
				"${PODS_PODFILE_DIR_PATH}/Podfile.lock",
				"${PODS_ROOT}/Manifest.lock",
			);
			name = "[CP] Check Pods Manifest.lock";
			outputFileListPaths = (
			);
			outputPaths = (
				"$(DERIVED_FILE_DIR)/Pods-Tumblr-checkManifestLockResult.txt",
			);
			runOnlyForDeploymentPostprocessing = 0;
			shellPath = /bin/sh;
			shellScript = "diff \"${PODS_PODFILE_DIR_PATH}/Podfile.lock\" \"${PODS_ROOT}/Manifest.lock\" > /dev/null\nif [ $? != 0 ] ; then\n    # print error to STDERR\n    echo \"error: The sandbox is not in sync with the Podfile.lock. Run 'pod install' or update your CocoaPods installation.\" >&2\n    exit 1\nfi\n# This output is used by Xcode 'outputs' to avoid re-running this script phase.\necho \"SUCCESS\" > \"${SCRIPT_OUTPUT_FILE_0}\"\n";
			showEnvVarsInLog = 0;
		};
		DD4F14568FF480E8EAFBE94B /* [CP] Embed Pods Frameworks */ = {
			isa = PBXShellScriptBuildPhase;
			buildActionMask = 2147483647;
			files = (
			);
			inputFileListPaths = (
				"${PODS_ROOT}/Target Support Files/Pods-Tumblr/Pods-Tumblr-frameworks-${CONFIGURATION}-input-files.xcfilelist",
			);
			name = "[CP] Embed Pods Frameworks";
			outputFileListPaths = (
				"${PODS_ROOT}/Target Support Files/Pods-Tumblr/Pods-Tumblr-frameworks-${CONFIGURATION}-output-files.xcfilelist",
			);
			runOnlyForDeploymentPostprocessing = 0;
			shellPath = /bin/sh;
			shellScript = "\"${PODS_ROOT}/Target Support Files/Pods-Tumblr/Pods-Tumblr-frameworks.sh\"\n";
			showEnvVarsInLog = 0;
		};
		FECCBA2CF2C44C98E16479E6 /* [CP] Check Pods Manifest.lock */ = {
			isa = PBXShellScriptBuildPhase;
			buildActionMask = 2147483647;
			files = (
			);
			inputFileListPaths = (
			);
			inputPaths = (
				"${PODS_PODFILE_DIR_PATH}/Podfile.lock",
				"${PODS_ROOT}/Manifest.lock",
			);
			name = "[CP] Check Pods Manifest.lock";
			outputFileListPaths = (
			);
			outputPaths = (
				"$(DERIVED_FILE_DIR)/Pods-TumblrTests-checkManifestLockResult.txt",
			);
			runOnlyForDeploymentPostprocessing = 0;
			shellPath = /bin/sh;
			shellScript = "diff \"${PODS_PODFILE_DIR_PATH}/Podfile.lock\" \"${PODS_ROOT}/Manifest.lock\" > /dev/null\nif [ $? != 0 ] ; then\n    # print error to STDERR\n    echo \"error: The sandbox is not in sync with the Podfile.lock. Run 'pod install' or update your CocoaPods installation.\" >&2\n    exit 1\nfi\n# This output is used by Xcode 'outputs' to avoid re-running this script phase.\necho \"SUCCESS\" > \"${SCRIPT_OUTPUT_FILE_0}\"\n";
			showEnvVarsInLog = 0;
		};
/* End PBXShellScriptBuildPhase section */

/* Begin PBXSourcesBuildPhase section */
		04EE2C082684D8170048F598 /* Sources */ = {
			isa = PBXSourcesBuildPhase;
			buildActionMask = 2147483647;
			files = (
				04EE2C112684D8170048F598 /* AppDelegate.m in Sources */,
				04EE2C4B2684DD600048F598 /* PhotoCell.m in Sources */,
				04EE2C472684D8D40048F598 /* PhotosViewController.m in Sources */,
				042350872684E7E500EB3888 /* DetailsViewController.m in Sources */,
				04EE2C222684D8180048F598 /* main.m in Sources */,
				04EE2C142684D8170048F598 /* SceneDelegate.m in Sources */,
			);
			runOnlyForDeploymentPostprocessing = 0;
		};
		04EE2C232684D8180048F598 /* Sources */ = {
			isa = PBXSourcesBuildPhase;
			buildActionMask = 2147483647;
			files = (
				04EE2C2C2684D8180048F598 /* TumblrTests.m in Sources */,
			);
			runOnlyForDeploymentPostprocessing = 0;
		};
		04EE2C2E2684D8190048F598 /* Sources */ = {
			isa = PBXSourcesBuildPhase;
			buildActionMask = 2147483647;
			files = (
				04EE2C372684D8190048F598 /* TumblrUITests.m in Sources */,
			);
			runOnlyForDeploymentPostprocessing = 0;
		};
/* End PBXSourcesBuildPhase section */

/* Begin PBXTargetDependency section */
		04EE2C292684D8180048F598 /* PBXTargetDependency */ = {
			isa = PBXTargetDependency;
			target = 04EE2C0B2684D8170048F598 /* Tumblr */;
			targetProxy = 04EE2C282684D8180048F598 /* PBXContainerItemProxy */;
		};
		04EE2C342684D8190048F598 /* PBXTargetDependency */ = {
			isa = PBXTargetDependency;
			target = 04EE2C0B2684D8170048F598 /* Tumblr */;
			targetProxy = 04EE2C332684D8190048F598 /* PBXContainerItemProxy */;
		};
/* End PBXTargetDependency section */

/* Begin PBXVariantGroup section */
		04EE2C182684D8170048F598 /* Main.storyboard */ = {
			isa = PBXVariantGroup;
			children = (
				04EE2C192684D8170048F598 /* Base */,
			);
			name = Main.storyboard;
			sourceTree = "<group>";
		};
		04EE2C1D2684D8180048F598 /* LaunchScreen.storyboard */ = {
			isa = PBXVariantGroup;
			children = (
				04EE2C1E2684D8180048F598 /* Base */,
			);
			name = LaunchScreen.storyboard;
			sourceTree = "<group>";
		};
/* End PBXVariantGroup section */

/* Begin XCBuildConfiguration section */
		04EE2C392684D8190048F598 /* Debug */ = {
			isa = XCBuildConfiguration;
			buildSettings = {
				ALWAYS_SEARCH_USER_PATHS = NO;
				CLANG_ANALYZER_NONNULL = YES;
				CLANG_ANALYZER_NUMBER_OBJECT_CONVERSION = YES_AGGRESSIVE;
				CLANG_CXX_LANGUAGE_STANDARD = "gnu++14";
				CLANG_CXX_LIBRARY = "libc++";
				CLANG_ENABLE_MODULES = YES;
				CLANG_ENABLE_OBJC_ARC = YES;
				CLANG_ENABLE_OBJC_WEAK = YES;
				CLANG_WARN_BLOCK_CAPTURE_AUTORELEASING = YES;
				CLANG_WARN_BOOL_CONVERSION = YES;
				CLANG_WARN_COMMA = YES;
				CLANG_WARN_CONSTANT_CONVERSION = YES;
				CLANG_WARN_DEPRECATED_OBJC_IMPLEMENTATIONS = YES;
				CLANG_WARN_DIRECT_OBJC_ISA_USAGE = YES_ERROR;
				CLANG_WARN_DOCUMENTATION_COMMENTS = YES;
				CLANG_WARN_EMPTY_BODY = YES;
				CLANG_WARN_ENUM_CONVERSION = YES;
				CLANG_WARN_INFINITE_RECURSION = YES;
				CLANG_WARN_INT_CONVERSION = YES;
				CLANG_WARN_NON_LITERAL_NULL_CONVERSION = YES;
				CLANG_WARN_OBJC_IMPLICIT_RETAIN_SELF = YES;
				CLANG_WARN_OBJC_LITERAL_CONVERSION = YES;
				CLANG_WARN_OBJC_ROOT_CLASS = YES_ERROR;
				CLANG_WARN_QUOTED_INCLUDE_IN_FRAMEWORK_HEADER = YES;
				CLANG_WARN_RANGE_LOOP_ANALYSIS = YES;
				CLANG_WARN_STRICT_PROTOTYPES = YES;
				CLANG_WARN_SUSPICIOUS_MOVE = YES;
				CLANG_WARN_UNGUARDED_AVAILABILITY = YES_AGGRESSIVE;
				CLANG_WARN_UNREACHABLE_CODE = YES;
				CLANG_WARN__DUPLICATE_METHOD_MATCH = YES;
				COPY_PHASE_STRIP = NO;
				DEBUG_INFORMATION_FORMAT = dwarf;
				ENABLE_STRICT_OBJC_MSGSEND = YES;
				ENABLE_TESTABILITY = YES;
				GCC_C_LANGUAGE_STANDARD = gnu11;
				GCC_DYNAMIC_NO_PIC = NO;
				GCC_NO_COMMON_BLOCKS = YES;
				GCC_OPTIMIZATION_LEVEL = 0;
				GCC_PREPROCESSOR_DEFINITIONS = (
					"DEBUG=1",
					"$(inherited)",
				);
				GCC_WARN_64_TO_32_BIT_CONVERSION = YES;
				GCC_WARN_ABOUT_RETURN_TYPE = YES_ERROR;
				GCC_WARN_UNDECLARED_SELECTOR = YES;
				GCC_WARN_UNINITIALIZED_AUTOS = YES_AGGRESSIVE;
				GCC_WARN_UNUSED_FUNCTION = YES;
				GCC_WARN_UNUSED_VARIABLE = YES;
				IPHONEOS_DEPLOYMENT_TARGET = 14.5;
				MTL_ENABLE_DEBUG_INFO = INCLUDE_SOURCE;
				MTL_FAST_MATH = YES;
				ONLY_ACTIVE_ARCH = YES;
				SDKROOT = iphoneos;
			};
			name = Debug;
		};
		04EE2C3A2684D8190048F598 /* Release */ = {
			isa = XCBuildConfiguration;
			buildSettings = {
				ALWAYS_SEARCH_USER_PATHS = NO;
				CLANG_ANALYZER_NONNULL = YES;
				CLANG_ANALYZER_NUMBER_OBJECT_CONVERSION = YES_AGGRESSIVE;
				CLANG_CXX_LANGUAGE_STANDARD = "gnu++14";
				CLANG_CXX_LIBRARY = "libc++";
				CLANG_ENABLE_MODULES = YES;
				CLANG_ENABLE_OBJC_ARC = YES;
				CLANG_ENABLE_OBJC_WEAK = YES;
				CLANG_WARN_BLOCK_CAPTURE_AUTORELEASING = YES;
				CLANG_WARN_BOOL_CONVERSION = YES;
				CLANG_WARN_COMMA = YES;
				CLANG_WARN_CONSTANT_CONVERSION = YES;
				CLANG_WARN_DEPRECATED_OBJC_IMPLEMENTATIONS = YES;
				CLANG_WARN_DIRECT_OBJC_ISA_USAGE = YES_ERROR;
				CLANG_WARN_DOCUMENTATION_COMMENTS = YES;
				CLANG_WARN_EMPTY_BODY = YES;
				CLANG_WARN_ENUM_CONVERSION = YES;
				CLANG_WARN_INFINITE_RECURSION = YES;
				CLANG_WARN_INT_CONVERSION = YES;
				CLANG_WARN_NON_LITERAL_NULL_CONVERSION = YES;
				CLANG_WARN_OBJC_IMPLICIT_RETAIN_SELF = YES;
				CLANG_WARN_OBJC_LITERAL_CONVERSION = YES;
				CLANG_WARN_OBJC_ROOT_CLASS = YES_ERROR;
				CLANG_WARN_QUOTED_INCLUDE_IN_FRAMEWORK_HEADER = YES;
				CLANG_WARN_RANGE_LOOP_ANALYSIS = YES;
				CLANG_WARN_STRICT_PROTOTYPES = YES;
				CLANG_WARN_SUSPICIOUS_MOVE = YES;
				CLANG_WARN_UNGUARDED_AVAILABILITY = YES_AGGRESSIVE;
				CLANG_WARN_UNREACHABLE_CODE = YES;
				CLANG_WARN__DUPLICATE_METHOD_MATCH = YES;
				COPY_PHASE_STRIP = NO;
				DEBUG_INFORMATION_FORMAT = "dwarf-with-dsym";
				ENABLE_NS_ASSERTIONS = NO;
				ENABLE_STRICT_OBJC_MSGSEND = YES;
				GCC_C_LANGUAGE_STANDARD = gnu11;
				GCC_NO_COMMON_BLOCKS = YES;
				GCC_WARN_64_TO_32_BIT_CONVERSION = YES;
				GCC_WARN_ABOUT_RETURN_TYPE = YES_ERROR;
				GCC_WARN_UNDECLARED_SELECTOR = YES;
				GCC_WARN_UNINITIALIZED_AUTOS = YES_AGGRESSIVE;
				GCC_WARN_UNUSED_FUNCTION = YES;
				GCC_WARN_UNUSED_VARIABLE = YES;
				IPHONEOS_DEPLOYMENT_TARGET = 14.5;
				MTL_ENABLE_DEBUG_INFO = NO;
				MTL_FAST_MATH = YES;
				SDKROOT = iphoneos;
				VALIDATE_PRODUCT = YES;
			};
			name = Release;
		};
		04EE2C3C2684D8190048F598 /* Debug */ = {
			isa = XCBuildConfiguration;
			baseConfigurationReference = 8D4D14D2AAB6344A8CDCF9B7 /* Pods-Tumblr.debug.xcconfig */;
			buildSettings = {
				ASSETCATALOG_COMPILER_APPICON_NAME = AppIcon;
				ASSETCATALOG_COMPILER_GLOBAL_ACCENT_COLOR_NAME = AccentColor;
				CODE_SIGN_STYLE = Automatic;
				DEVELOPMENT_TEAM = 927NKNA39T;
				INFOPLIST_FILE = Tumblr/Info.plist;
				LD_RUNPATH_SEARCH_PATHS = (
					"$(inherited)",
					"@executable_path/Frameworks",
				);
				PRODUCT_BUNDLE_IDENTIFIER = com.elizabethke100.Tumblr;
				PRODUCT_NAME = "$(TARGET_NAME)";
				TARGETED_DEVICE_FAMILY = "1,2";
			};
			name = Debug;
		};
		04EE2C3D2684D8190048F598 /* Release */ = {
			isa = XCBuildConfiguration;
			baseConfigurationReference = 2647FA51E302CB33ED6DB41D /* Pods-Tumblr.release.xcconfig */;
			buildSettings = {
				ASSETCATALOG_COMPILER_APPICON_NAME = AppIcon;
				ASSETCATALOG_COMPILER_GLOBAL_ACCENT_COLOR_NAME = AccentColor;
				CODE_SIGN_STYLE = Automatic;
				DEVELOPMENT_TEAM = 927NKNA39T;
				INFOPLIST_FILE = Tumblr/Info.plist;
				LD_RUNPATH_SEARCH_PATHS = (
					"$(inherited)",
					"@executable_path/Frameworks",
				);
				PRODUCT_BUNDLE_IDENTIFIER = com.elizabethke100.Tumblr;
				PRODUCT_NAME = "$(TARGET_NAME)";
				TARGETED_DEVICE_FAMILY = "1,2";
			};
			name = Release;
		};
		04EE2C3F2684D8190048F598 /* Debug */ = {
			isa = XCBuildConfiguration;
			baseConfigurationReference = A879F3C61403F44DDDFF8B2A /* Pods-TumblrTests.debug.xcconfig */;
			buildSettings = {
				BUNDLE_LOADER = "$(TEST_HOST)";
				CODE_SIGN_STYLE = Automatic;
				DEVELOPMENT_TEAM = 927NKNA39T;
				INFOPLIST_FILE = TumblrTests/Info.plist;
				IPHONEOS_DEPLOYMENT_TARGET = 14.5;
				LD_RUNPATH_SEARCH_PATHS = (
					"$(inherited)",
					"@executable_path/Frameworks",
					"@loader_path/Frameworks",
				);
				PRODUCT_BUNDLE_IDENTIFIER = com.elizabethke100.TumblrTests;
				PRODUCT_NAME = "$(TARGET_NAME)";
				TARGETED_DEVICE_FAMILY = "1,2";
				TEST_HOST = "$(BUILT_PRODUCTS_DIR)/Tumblr.app/Tumblr";
			};
			name = Debug;
		};
		04EE2C402684D8190048F598 /* Release */ = {
			isa = XCBuildConfiguration;
			baseConfigurationReference = 403A3B54C48960FFB857046F /* Pods-TumblrTests.release.xcconfig */;
			buildSettings = {
				BUNDLE_LOADER = "$(TEST_HOST)";
				CODE_SIGN_STYLE = Automatic;
				DEVELOPMENT_TEAM = 927NKNA39T;
				INFOPLIST_FILE = TumblrTests/Info.plist;
				IPHONEOS_DEPLOYMENT_TARGET = 14.5;
				LD_RUNPATH_SEARCH_PATHS = (
					"$(inherited)",
					"@executable_path/Frameworks",
					"@loader_path/Frameworks",
				);
				PRODUCT_BUNDLE_IDENTIFIER = com.elizabethke100.TumblrTests;
				PRODUCT_NAME = "$(TARGET_NAME)";
				TARGETED_DEVICE_FAMILY = "1,2";
				TEST_HOST = "$(BUILT_PRODUCTS_DIR)/Tumblr.app/Tumblr";
			};
			name = Release;
		};
		04EE2C422684D8190048F598 /* Debug */ = {
			isa = XCBuildConfiguration;
			baseConfigurationReference = 444978520480E1F7A0ABE5FD /* Pods-Tumblr-TumblrUITests.debug.xcconfig */;
			buildSettings = {
				CODE_SIGN_STYLE = Automatic;
				DEVELOPMENT_TEAM = 927NKNA39T;
				INFOPLIST_FILE = TumblrUITests/Info.plist;
				LD_RUNPATH_SEARCH_PATHS = (
					"$(inherited)",
					"@executable_path/Frameworks",
					"@loader_path/Frameworks",
				);
				PRODUCT_BUNDLE_IDENTIFIER = com.elizabethke100.TumblrUITests;
				PRODUCT_NAME = "$(TARGET_NAME)";
				TARGETED_DEVICE_FAMILY = "1,2";
				TEST_TARGET_NAME = Tumblr;
			};
			name = Debug;
		};
		04EE2C432684D8190048F598 /* Release */ = {
			isa = XCBuildConfiguration;
			baseConfigurationReference = 6EF6A9873619F4D7B74F4190 /* Pods-Tumblr-TumblrUITests.release.xcconfig */;
			buildSettings = {
				CODE_SIGN_STYLE = Automatic;
				DEVELOPMENT_TEAM = 927NKNA39T;
				INFOPLIST_FILE = TumblrUITests/Info.plist;
				LD_RUNPATH_SEARCH_PATHS = (
					"$(inherited)",
					"@executable_path/Frameworks",
					"@loader_path/Frameworks",
				);
				PRODUCT_BUNDLE_IDENTIFIER = com.elizabethke100.TumblrUITests;
				PRODUCT_NAME = "$(TARGET_NAME)";
				TARGETED_DEVICE_FAMILY = "1,2";
				TEST_TARGET_NAME = Tumblr;
			};
			name = Release;
		};
/* End XCBuildConfiguration section */

/* Begin XCConfigurationList section */
		04EE2C072684D8170048F598 /* Build configuration list for PBXProject "Tumblr" */ = {
			isa = XCConfigurationList;
			buildConfigurations = (
				04EE2C392684D8190048F598 /* Debug */,
				04EE2C3A2684D8190048F598 /* Release */,
			);
			defaultConfigurationIsVisible = 0;
			defaultConfigurationName = Release;
		};
		04EE2C3B2684D8190048F598 /* Build configuration list for PBXNativeTarget "Tumblr" */ = {
			isa = XCConfigurationList;
			buildConfigurations = (
				04EE2C3C2684D8190048F598 /* Debug */,
				04EE2C3D2684D8190048F598 /* Release */,
			);
			defaultConfigurationIsVisible = 0;
			defaultConfigurationName = Release;
		};
		04EE2C3E2684D8190048F598 /* Build configuration list for PBXNativeTarget "TumblrTests" */ = {
			isa = XCConfigurationList;
			buildConfigurations = (
				04EE2C3F2684D8190048F598 /* Debug */,
				04EE2C402684D8190048F598 /* Release */,
			);
			defaultConfigurationIsVisible = 0;
			defaultConfigurationName = Release;
		};
		04EE2C412684D8190048F598 /* Build configuration list for PBXNativeTarget "TumblrUITests" */ = {
			isa = XCConfigurationList;
			buildConfigurations = (
				04EE2C422684D8190048F598 /* Debug */,
				04EE2C432684D8190048F598 /* Release */,
			);
			defaultConfigurationIsVisible = 0;
			defaultConfigurationName = Release;
		};
/* End XCConfigurationList section */
	};
	rootObject = 04EE2C042684D8170048F598 /* Project object */;
}
